
Microsoft Visual Studio Solution File, Format Version 12.00
# Visual Studio Version 17
VisualStudioVersion = 17.0.31903.59
MinimumVisualStudioVersion = 10.0.40219.1
Project("{FAE04EC0-301F-11D3-BF4B-00C04F79EFBC}") = "PaymentAPI2", "PaymentAPI2\PaymentAPI2.csproj", "{3D1A1617-7075-4F51-8760-9EF2828C0C4A}"
EndProject
Global
	GlobalSection(SolutionConfigurationPlatforms) = preSolution
		Debug|Any CPU = Debug|Any CPU
		Release|Any CPU = Release|Any CPU
	EndGlobalSection
	GlobalSection(ProjectConfigurationPlatforms) = postSolution
		{3D1A1617-7075-4F51-8760-9EF2828C0C4A}.Debug|Any CPU.ActiveCfg = Debug|Any CPU
		{3D1A1617-7075-4F51-8760-9EF2828C0C4A}.Debug|Any CPU.Build.0 = Debug|Any CPU
		{3D1A1617-7075-4F51-8760-9EF2828C0C4A}.Release|Any CPU.ActiveCfg = Release|Any CPU
		{3D1A1617-7075-4F51-8760-9EF2828C0C4A}.Release|Any CPU.Build.0 = Release|Any CPU
	EndGlobalSection
	GlobalSection(SolutionProperties) = preSolution
		HideSolutionNode = FALSE
	EndGlobalSection
	GlobalSection(ExtensibilityGlobals) = postSolution
		SolutionGuid = {C226A403-5EFC-40E6-B5D1-2FDA300E8214}
	EndGlobalSection
EndGlobal
